// !$*UTF8*$!
{
	archiveVersion = 1;
	classes = {
	};
	objectVersion = 51;
	objects = {

/* Begin PBXBuildFile section */
		07842C3D3E91F963DB75AA07 /* Pods_Viagens_MVVM_C_DI.framework in Frameworks */ = {isa = PBXBuildFile; fileRef = 5F33D03BFCAA15B5654B65C2 /* Pods_Viagens_MVVM_C_DI.framework */; };
		5F54791AE211201C7D99EAA8 /* Pods_Viagens_MVVM_C_DITests.framework in Frameworks */ = {isa = PBXBuildFile; fileRef = EE67C59E8249ECA6F7C9F88D /* Pods_Viagens_MVVM_C_DITests.framework */; };
		DD77710B2863B2E7000ED6D5 /* AppDelegate.swift in Sources */ = {isa = PBXBuildFile; fileRef = DD77710A2863B2E7000ED6D5 /* AppDelegate.swift */; };
		DD77710D2863B2E7000ED6D5 /* SceneDelegate.swift in Sources */ = {isa = PBXBuildFile; fileRef = DD77710C2863B2E7000ED6D5 /* SceneDelegate.swift */; };
		DD77710F2863B2E7000ED6D5 /* ViewController.swift in Sources */ = {isa = PBXBuildFile; fileRef = DD77710E2863B2E7000ED6D5 /* ViewController.swift */; };
		DD7771142863B2E8000ED6D5 /* Assets.xcassets in Resources */ = {isa = PBXBuildFile; fileRef = DD7771132863B2E8000ED6D5 /* Assets.xcassets */; };
		DD7771172863B2E8000ED6D5 /* LaunchScreen.storyboard in Resources */ = {isa = PBXBuildFile; fileRef = DD7771152863B2E8000ED6D5 /* LaunchScreen.storyboard */; };
		DD7771222863B2E8000ED6D5 /* LibServiceLocatorTests.swift in Sources */ = {isa = PBXBuildFile; fileRef = DD7771212863B2E8000ED6D5 /* LibServiceLocatorTests.swift */; };
		DD77713F2863B629000ED6D5 /* UIColorExtension.swift in Sources */ = {isa = PBXBuildFile; fileRef = DD77713E2863B629000ED6D5 /* UIColorExtension.swift */; };
		DD7771422863B6B2000ED6D5 /* LibConstants.swift in Sources */ = {isa = PBXBuildFile; fileRef = DD7771412863B6B2000ED6D5 /* LibConstants.swift */; };
		DD7771452863B77A000ED6D5 /* LibResolverProtocol.swift in Sources */ = {isa = PBXBuildFile; fileRef = DD7771442863B77A000ED6D5 /* LibResolverProtocol.swift */; };
		DD7771472863B799000ED6D5 /* LibConteinerProtocol.swift in Sources */ = {isa = PBXBuildFile; fileRef = DD7771462863B799000ED6D5 /* LibConteinerProtocol.swift */; };
		DD7771492863B7B8000ED6D5 /* LibServiceLocatorProtocol.swift in Sources */ = {isa = PBXBuildFile; fileRef = DD7771482863B7B8000ED6D5 /* LibServiceLocatorProtocol.swift */; };
		DD77714B2863B7CF000ED6D5 /* LibServiceLocator.swift in Sources */ = {isa = PBXBuildFile; fileRef = DD77714A2863B7CF000ED6D5 /* LibServiceLocator.swift */; };
		DD77714F2863BB0F000ED6D5 /* ViewModelFakeProtocol.swift in Sources */ = {isa = PBXBuildFile; fileRef = DD77714E2863BB0F000ED6D5 /* ViewModelFakeProtocol.swift */; };
		DD7771512863BB29000ED6D5 /* ViewModelFake.swift in Sources */ = {isa = PBXBuildFile; fileRef = DD7771502863BB29000ED6D5 /* ViewModelFake.swift */; };
		DD7771532863BB47000ED6D5 /* ServiceFakeProtocol.swift in Sources */ = {isa = PBXBuildFile; fileRef = DD7771522863BB47000ED6D5 /* ServiceFakeProtocol.swift */; };
		DD7771552863BB5A000ED6D5 /* ServiceFake.swift in Sources */ = {isa = PBXBuildFile; fileRef = DD7771542863BB5A000ED6D5 /* ServiceFake.swift */; };
		DD7771592863C00B000ED6D5 /* LibHttpError.swift in Sources */ = {isa = PBXBuildFile; fileRef = DD7771582863C00B000ED6D5 /* LibHttpError.swift */; };
		DD77715B2863C148000ED6D5 /* LibHttpClientGetProtocol.swift in Sources */ = {isa = PBXBuildFile; fileRef = DD77715A2863C148000ED6D5 /* LibHttpClientGetProtocol.swift */; };
		DD77715D2863C166000ED6D5 /* LibHttpClientProtocol.swift in Sources */ = {isa = PBXBuildFile; fileRef = DD77715C2863C166000ED6D5 /* LibHttpClientProtocol.swift */; };
		DD77715F2863C1AB000ED6D5 /* LibAlamofireAdapter.swift in Sources */ = {isa = PBXBuildFile; fileRef = DD77715E2863C1AB000ED6D5 /* LibAlamofireAdapter.swift */; };
		DD7771612863C1E8000ED6D5 /* LibNetworkManagerProtocol.swift in Sources */ = {isa = PBXBuildFile; fileRef = DD7771602863C1E8000ED6D5 /* LibNetworkManagerProtocol.swift */; };
		DD7771632863C1FC000ED6D5 /* LibNetworkManager.swift in Sources */ = {isa = PBXBuildFile; fileRef = DD7771622863C1FC000ED6D5 /* LibNetworkManager.swift */; };
		DD7771662863C3B7000ED6D5 /* TestFactory.swift in Sources */ = {isa = PBXBuildFile; fileRef = DD7771652863C3B7000ED6D5 /* TestFactory.swift */; };
		DD77716A2863C40E000ED6D5 /* ModelIdTitleFake.swift in Sources */ = {isa = PBXBuildFile; fileRef = DD7771692863C40E000ED6D5 /* ModelIdTitleFake.swift */; };
		DD77716C2863C428000ED6D5 /* LibNetworkManagerIdTitleFake.swift in Sources */ = {isa = PBXBuildFile; fileRef = DD77716B2863C428000ED6D5 /* LibNetworkManagerIdTitleFake.swift */; };
		DD77716E2863C497000ED6D5 /* LibAlamofireAdapterTests.swift in Sources */ = {isa = PBXBuildFile; fileRef = DD77716D2863C497000ED6D5 /* LibAlamofireAdapterTests.swift */; };
		DD7771702863C4EC000ED6D5 /* UrlProtocolStub.swift in Sources */ = {isa = PBXBuildFile; fileRef = DD77716F2863C4EC000ED6D5 /* UrlProtocolStub.swift */; };
		DD7771722863C5D2000ED6D5 /* LibNetworkManagerTests.swift in Sources */ = {isa = PBXBuildFile; fileRef = DD7771712863C5D2000ED6D5 /* LibNetworkManagerTests.swift */; };
		DD7771742863C5FC000ED6D5 /* LibHttpClientProtocolMock.swift in Sources */ = {isa = PBXBuildFile; fileRef = DD7771732863C5FC000ED6D5 /* LibHttpClientProtocolMock.swift */; };
		DDBFDF1D28648B6100FD4451 /* LibObservable.swift in Sources */ = {isa = PBXBuildFile; fileRef = DDBFDF1C28648B6100FD4451 /* LibObservable.swift */; };
		DDBFDF2228648BB400FD4451 /* BaseViewModelProtocol.swift in Sources */ = {isa = PBXBuildFile; fileRef = DDBFDF2128648BB400FD4451 /* BaseViewModelProtocol.swift */; };
		DDBFDF2528648BFC00FD4451 /* AppCoordinatorProtocol.swift in Sources */ = {isa = PBXBuildFile; fileRef = DDBFDF2428648BFC00FD4451 /* AppCoordinatorProtocol.swift */; };
		DDBFDF2728648C3500FD4451 /* BaseViewModel.swift in Sources */ = {isa = PBXBuildFile; fileRef = DDBFDF2628648C3500FD4451 /* BaseViewModel.swift */; };
		DDBFDF2B28648DB800FD4451 /* ViagemDTO.swift in Sources */ = {isa = PBXBuildFile; fileRef = DDBFDF2A28648DB800FD4451 /* ViagemDTO.swift */; };
		DDBFDF2D28648E0400FD4451 /* Viagem.swift in Sources */ = {isa = PBXBuildFile; fileRef = DDBFDF2C28648E0400FD4451 /* Viagem.swift */; };
		DDBFDF2F28648E2F00FD4451 /* TypeViagemEnum.swift in Sources */ = {isa = PBXBuildFile; fileRef = DDBFDF2E28648E2F00FD4451 /* TypeViagemEnum.swift */; };
		DDBFDF3228648E5700FD4451 /* Constants.swift in Sources */ = {isa = PBXBuildFile; fileRef = DDBFDF3128648E5700FD4451 /* Constants.swift */; };
		DDBFDF3428648F8F00FD4451 /* ImagemViagem.swift in Sources */ = {isa = PBXBuildFile; fileRef = DDBFDF3328648F8F00FD4451 /* ImagemViagem.swift */; };
/* End PBXBuildFile section */

/* Begin PBXContainerItemProxy section */
		DD77711E2863B2E8000ED6D5 /* PBXContainerItemProxy */ = {
			isa = PBXContainerItemProxy;
			containerPortal = DD7770FF2863B2E6000ED6D5 /* Project object */;
			proxyType = 1;
			remoteGlobalIDString = DD7771062863B2E7000ED6D5;
			remoteInfo = "Viagens-MVVM-C-DI";
		};
/* End PBXContainerItemProxy section */

/* Begin PBXFileReference section */
		202B81D1980B3786A0BF275F /* Pods-Viagens-MVVM-C-DI.release.xcconfig */ = {isa = PBXFileReference; includeInIndex = 1; lastKnownFileType = text.xcconfig; name = "Pods-Viagens-MVVM-C-DI.release.xcconfig"; path = "Target Support Files/Pods-Viagens-MVVM-C-DI/Pods-Viagens-MVVM-C-DI.release.xcconfig"; sourceTree = "<group>"; };
		5F33D03BFCAA15B5654B65C2 /* Pods_Viagens_MVVM_C_DI.framework */ = {isa = PBXFileReference; explicitFileType = wrapper.framework; includeInIndex = 0; path = Pods_Viagens_MVVM_C_DI.framework; sourceTree = BUILT_PRODUCTS_DIR; };
		6548FD370B75719FA95F9B4D /* Pods-Viagens-MVVM-C-DITests.release.xcconfig */ = {isa = PBXFileReference; includeInIndex = 1; lastKnownFileType = text.xcconfig; name = "Pods-Viagens-MVVM-C-DITests.release.xcconfig"; path = "Target Support Files/Pods-Viagens-MVVM-C-DITests/Pods-Viagens-MVVM-C-DITests.release.xcconfig"; sourceTree = "<group>"; };
		8221AA71BFE8395C5B331D80 /* Pods-Viagens-MVVM-C-DITests.debug.xcconfig */ = {isa = PBXFileReference; includeInIndex = 1; lastKnownFileType = text.xcconfig; name = "Pods-Viagens-MVVM-C-DITests.debug.xcconfig"; path = "Target Support Files/Pods-Viagens-MVVM-C-DITests/Pods-Viagens-MVVM-C-DITests.debug.xcconfig"; sourceTree = "<group>"; };
		DD7771072863B2E7000ED6D5 /* Viagens-MVVM-C-DI.app */ = {isa = PBXFileReference; explicitFileType = wrapper.application; includeInIndex = 0; path = "Viagens-MVVM-C-DI.app"; sourceTree = BUILT_PRODUCTS_DIR; };
		DD77710A2863B2E7000ED6D5 /* AppDelegate.swift */ = {isa = PBXFileReference; lastKnownFileType = sourcecode.swift; path = AppDelegate.swift; sourceTree = "<group>"; };
		DD77710C2863B2E7000ED6D5 /* SceneDelegate.swift */ = {isa = PBXFileReference; lastKnownFileType = sourcecode.swift; path = SceneDelegate.swift; sourceTree = "<group>"; };
		DD77710E2863B2E7000ED6D5 /* ViewController.swift */ = {isa = PBXFileReference; lastKnownFileType = sourcecode.swift; path = ViewController.swift; sourceTree = "<group>"; };
		DD7771132863B2E8000ED6D5 /* Assets.xcassets */ = {isa = PBXFileReference; lastKnownFileType = folder.assetcatalog; path = Assets.xcassets; sourceTree = "<group>"; };
		DD7771162863B2E8000ED6D5 /* Base */ = {isa = PBXFileReference; lastKnownFileType = file.storyboard; name = Base; path = Base.lproj/LaunchScreen.storyboard; sourceTree = "<group>"; };
		DD7771182863B2E8000ED6D5 /* Info.plist */ = {isa = PBXFileReference; lastKnownFileType = text.plist.xml; path = Info.plist; sourceTree = "<group>"; };
		DD77711D2863B2E8000ED6D5 /* Viagens-MVVM-C-DITests.xctest */ = {isa = PBXFileReference; explicitFileType = wrapper.cfbundle; includeInIndex = 0; path = "Viagens-MVVM-C-DITests.xctest"; sourceTree = BUILT_PRODUCTS_DIR; };
		DD7771212863B2E8000ED6D5 /* LibServiceLocatorTests.swift */ = {isa = PBXFileReference; lastKnownFileType = sourcecode.swift; path = LibServiceLocatorTests.swift; sourceTree = "<group>"; };
		DD7771232863B2E8000ED6D5 /* Info.plist */ = {isa = PBXFileReference; lastKnownFileType = text.plist.xml; path = Info.plist; sourceTree = "<group>"; };
		DD77713E2863B629000ED6D5 /* UIColorExtension.swift */ = {isa = PBXFileReference; lastKnownFileType = sourcecode.swift; path = UIColorExtension.swift; sourceTree = "<group>"; };
		DD7771412863B6B2000ED6D5 /* LibConstants.swift */ = {isa = PBXFileReference; lastKnownFileType = sourcecode.swift; path = LibConstants.swift; sourceTree = "<group>"; };
		DD7771442863B77A000ED6D5 /* LibResolverProtocol.swift */ = {isa = PBXFileReference; lastKnownFileType = sourcecode.swift; path = LibResolverProtocol.swift; sourceTree = "<group>"; };
		DD7771462863B799000ED6D5 /* LibConteinerProtocol.swift */ = {isa = PBXFileReference; lastKnownFileType = sourcecode.swift; path = LibConteinerProtocol.swift; sourceTree = "<group>"; };
		DD7771482863B7B8000ED6D5 /* LibServiceLocatorProtocol.swift */ = {isa = PBXFileReference; lastKnownFileType = sourcecode.swift; path = LibServiceLocatorProtocol.swift; sourceTree = "<group>"; };
		DD77714A2863B7CF000ED6D5 /* LibServiceLocator.swift */ = {isa = PBXFileReference; lastKnownFileType = sourcecode.swift; path = LibServiceLocator.swift; sourceTree = "<group>"; };
		DD77714E2863BB0F000ED6D5 /* ViewModelFakeProtocol.swift */ = {isa = PBXFileReference; lastKnownFileType = sourcecode.swift; path = ViewModelFakeProtocol.swift; sourceTree = "<group>"; };
		DD7771502863BB29000ED6D5 /* ViewModelFake.swift */ = {isa = PBXFileReference; lastKnownFileType = sourcecode.swift; path = ViewModelFake.swift; sourceTree = "<group>"; };
		DD7771522863BB47000ED6D5 /* ServiceFakeProtocol.swift */ = {isa = PBXFileReference; lastKnownFileType = sourcecode.swift; path = ServiceFakeProtocol.swift; sourceTree = "<group>"; };
		DD7771542863BB5A000ED6D5 /* ServiceFake.swift */ = {isa = PBXFileReference; lastKnownFileType = sourcecode.swift; path = ServiceFake.swift; sourceTree = "<group>"; };
		DD7771582863C00B000ED6D5 /* LibHttpError.swift */ = {isa = PBXFileReference; lastKnownFileType = sourcecode.swift; path = LibHttpError.swift; sourceTree = "<group>"; };
		DD77715A2863C148000ED6D5 /* LibHttpClientGetProtocol.swift */ = {isa = PBXFileReference; lastKnownFileType = sourcecode.swift; path = LibHttpClientGetProtocol.swift; sourceTree = "<group>"; };
		DD77715C2863C166000ED6D5 /* LibHttpClientProtocol.swift */ = {isa = PBXFileReference; lastKnownFileType = sourcecode.swift; path = LibHttpClientProtocol.swift; sourceTree = "<group>"; };
		DD77715E2863C1AB000ED6D5 /* LibAlamofireAdapter.swift */ = {isa = PBXFileReference; lastKnownFileType = sourcecode.swift; path = LibAlamofireAdapter.swift; sourceTree = "<group>"; };
		DD7771602863C1E8000ED6D5 /* LibNetworkManagerProtocol.swift */ = {isa = PBXFileReference; lastKnownFileType = sourcecode.swift; path = LibNetworkManagerProtocol.swift; sourceTree = "<group>"; };
		DD7771622863C1FC000ED6D5 /* LibNetworkManager.swift */ = {isa = PBXFileReference; lastKnownFileType = sourcecode.swift; path = LibNetworkManager.swift; sourceTree = "<group>"; };
		DD7771652863C3B7000ED6D5 /* TestFactory.swift */ = {isa = PBXFileReference; lastKnownFileType = sourcecode.swift; path = TestFactory.swift; sourceTree = "<group>"; };
		DD7771692863C40E000ED6D5 /* ModelIdTitleFake.swift */ = {isa = PBXFileReference; lastKnownFileType = sourcecode.swift; path = ModelIdTitleFake.swift; sourceTree = "<group>"; };
		DD77716B2863C428000ED6D5 /* LibNetworkManagerIdTitleFake.swift */ = {isa = PBXFileReference; lastKnownFileType = sourcecode.swift; path = LibNetworkManagerIdTitleFake.swift; sourceTree = "<group>"; };
		DD77716D2863C497000ED6D5 /* LibAlamofireAdapterTests.swift */ = {isa = PBXFileReference; lastKnownFileType = sourcecode.swift; path = LibAlamofireAdapterTests.swift; sourceTree = "<group>"; };
		DD77716F2863C4EC000ED6D5 /* UrlProtocolStub.swift */ = {isa = PBXFileReference; lastKnownFileType = sourcecode.swift; path = UrlProtocolStub.swift; sourceTree = "<group>"; };
		DD7771712863C5D2000ED6D5 /* LibNetworkManagerTests.swift */ = {isa = PBXFileReference; lastKnownFileType = sourcecode.swift; path = LibNetworkManagerTests.swift; sourceTree = "<group>"; };
		DD7771732863C5FC000ED6D5 /* LibHttpClientProtocolMock.swift */ = {isa = PBXFileReference; lastKnownFileType = sourcecode.swift; path = LibHttpClientProtocolMock.swift; sourceTree = "<group>"; };
		DDBFDF1C28648B6100FD4451 /* LibObservable.swift */ = {isa = PBXFileReference; lastKnownFileType = sourcecode.swift; path = LibObservable.swift; sourceTree = "<group>"; };
		DDBFDF2128648BB400FD4451 /* BaseViewModelProtocol.swift */ = {isa = PBXFileReference; lastKnownFileType = sourcecode.swift; path = BaseViewModelProtocol.swift; sourceTree = "<group>"; };
		DDBFDF2428648BFC00FD4451 /* AppCoordinatorProtocol.swift */ = {isa = PBXFileReference; lastKnownFileType = sourcecode.swift; path = AppCoordinatorProtocol.swift; sourceTree = "<group>"; };
		DDBFDF2628648C3500FD4451 /* BaseViewModel.swift */ = {isa = PBXFileReference; lastKnownFileType = sourcecode.swift; path = BaseViewModel.swift; sourceTree = "<group>"; };
		DDBFDF2A28648DB800FD4451 /* ViagemDTO.swift */ = {isa = PBXFileReference; lastKnownFileType = sourcecode.swift; path = ViagemDTO.swift; sourceTree = "<group>"; };
		DDBFDF2C28648E0400FD4451 /* Viagem.swift */ = {isa = PBXFileReference; lastKnownFileType = sourcecode.swift; path = Viagem.swift; sourceTree = "<group>"; };
		DDBFDF2E28648E2F00FD4451 /* TypeViagemEnum.swift */ = {isa = PBXFileReference; lastKnownFileType = sourcecode.swift; path = TypeViagemEnum.swift; sourceTree = "<group>"; };
		DDBFDF3128648E5700FD4451 /* Constants.swift */ = {isa = PBXFileReference; lastKnownFileType = sourcecode.swift; path = Constants.swift; sourceTree = "<group>"; };
		DDBFDF3328648F8F00FD4451 /* ImagemViagem.swift */ = {isa = PBXFileReference; lastKnownFileType = sourcecode.swift; path = ImagemViagem.swift; sourceTree = "<group>"; };
		EE67C59E8249ECA6F7C9F88D /* Pods_Viagens_MVVM_C_DITests.framework */ = {isa = PBXFileReference; explicitFileType = wrapper.framework; includeInIndex = 0; path = Pods_Viagens_MVVM_C_DITests.framework; sourceTree = BUILT_PRODUCTS_DIR; };
		F3BF5996ED138B971A48F61C /* Pods-Viagens-MVVM-C-DI.debug.xcconfig */ = {isa = PBXFileReference; includeInIndex = 1; lastKnownFileType = text.xcconfig; name = "Pods-Viagens-MVVM-C-DI.debug.xcconfig"; path = "Target Support Files/Pods-Viagens-MVVM-C-DI/Pods-Viagens-MVVM-C-DI.debug.xcconfig"; sourceTree = "<group>"; };
/* End PBXFileReference section */

/* Begin PBXFrameworksBuildPhase section */
		DD7771042863B2E7000ED6D5 /* Frameworks */ = {
			isa = PBXFrameworksBuildPhase;
			buildActionMask = 2147483647;
			files = (
				07842C3D3E91F963DB75AA07 /* Pods_Viagens_MVVM_C_DI.framework in Frameworks */,
			);
			runOnlyForDeploymentPostprocessing = 0;
		};
		DD77711A2863B2E8000ED6D5 /* Frameworks */ = {
			isa = PBXFrameworksBuildPhase;
			buildActionMask = 2147483647;
			files = (
				5F54791AE211201C7D99EAA8 /* Pods_Viagens_MVVM_C_DITests.framework in Frameworks */,
			);
			runOnlyForDeploymentPostprocessing = 0;
		};
/* End PBXFrameworksBuildPhase section */

/* Begin PBXGroup section */
		CE3969CAE7D2E1EC91F80F51 /* Frameworks */ = {
			isa = PBXGroup;
			children = (
				5F33D03BFCAA15B5654B65C2 /* Pods_Viagens_MVVM_C_DI.framework */,
				EE67C59E8249ECA6F7C9F88D /* Pods_Viagens_MVVM_C_DITests.framework */,
			);
			name = Frameworks;
			sourceTree = "<group>";
		};
		D36ED6073326F1625183840A /* Pods */ = {
			isa = PBXGroup;
			children = (
				F3BF5996ED138B971A48F61C /* Pods-Viagens-MVVM-C-DI.debug.xcconfig */,
				202B81D1980B3786A0BF275F /* Pods-Viagens-MVVM-C-DI.release.xcconfig */,
				8221AA71BFE8395C5B331D80 /* Pods-Viagens-MVVM-C-DITests.debug.xcconfig */,
				6548FD370B75719FA95F9B4D /* Pods-Viagens-MVVM-C-DITests.release.xcconfig */,
			);
			path = Pods;
			sourceTree = "<group>";
		};
		DD7770FE2863B2E6000ED6D5 = {
			isa = PBXGroup;
			children = (
				DD7771092863B2E7000ED6D5 /* Viagens-MVVM-C-DI */,
				DD7771202863B2E8000ED6D5 /* Viagens-MVVM-C-DITests */,
				DD7771082863B2E7000ED6D5 /* Products */,
				D36ED6073326F1625183840A /* Pods */,
				CE3969CAE7D2E1EC91F80F51 /* Frameworks */,
			);
			sourceTree = "<group>";
		};
		DD7771082863B2E7000ED6D5 /* Products */ = {
			isa = PBXGroup;
			children = (
				DD7771072863B2E7000ED6D5 /* Viagens-MVVM-C-DI.app */,
				DD77711D2863B2E8000ED6D5 /* Viagens-MVVM-C-DITests.xctest */,
			);
			name = Products;
			sourceTree = "<group>";
		};
		DD7771092863B2E7000ED6D5 /* Viagens-MVVM-C-DI */ = {
			isa = PBXGroup;
			children = (
				DD77713C2863B5F7000ED6D5 /* Lib */,
				DDBFDF1E28648B7D00FD4451 /* Scenes */,
				DD77713B2863B4F1000ED6D5 /* Application */,
				DD77713A2863B4E0000ED6D5 /* Resources */,
				DD7771182863B2E8000ED6D5 /* Info.plist */,
				DD77710E2863B2E7000ED6D5 /* ViewController.swift */,
			);
			path = "Viagens-MVVM-C-DI";
			sourceTree = "<group>";
		};
		DD7771202863B2E8000ED6D5 /* Viagens-MVVM-C-DITests */ = {
			isa = PBXGroup;
			children = (
				DD7771642863C3A8000ED6D5 /* Helpers */,
				DD7771562863BBE9000ED6D5 /* Lib */,
				DD7771232863B2E8000ED6D5 /* Info.plist */,
			);
			path = "Viagens-MVVM-C-DITests";
			sourceTree = "<group>";
		};
		DD77713A2863B4E0000ED6D5 /* Resources */ = {
			isa = PBXGroup;
			children = (
				DD7771132863B2E8000ED6D5 /* Assets.xcassets */,
				DD7771152863B2E8000ED6D5 /* LaunchScreen.storyboard */,
			);
			path = Resources;
			sourceTree = "<group>";
		};
		DD77713B2863B4F1000ED6D5 /* Application */ = {
			isa = PBXGroup;
			children = (
				DDBFDF2328648BE900FD4451 /* Navigation */,
				DD77710A2863B2E7000ED6D5 /* AppDelegate.swift */,
				DD77710C2863B2E7000ED6D5 /* SceneDelegate.swift */,
			);
			path = Application;
			sourceTree = "<group>";
		};
		DD77713C2863B5F7000ED6D5 /* Lib */ = {
			isa = PBXGroup;
			children = (
				DD7771402863B69A000ED6D5 /* LibConstants */,
				DD77713D2863B609000ED6D5 /* LibExtension */,
				DD7771432863B743000ED6D5 /* LibDependencyIncject */,
				DD7771572863BFDE000ED6D5 /* LibInfra */,
				DDBFDF1B28648B3300FD4451 /* LibViewModel */,
			);
			path = Lib;
			sourceTree = "<group>";
		};
		DD77713D2863B609000ED6D5 /* LibExtension */ = {
			isa = PBXGroup;
			children = (
				DD77713E2863B629000ED6D5 /* UIColorExtension.swift */,
			);
			path = LibExtension;
			sourceTree = "<group>";
		};
		DD7771402863B69A000ED6D5 /* LibConstants */ = {
			isa = PBXGroup;
			children = (
				DD7771412863B6B2000ED6D5 /* LibConstants.swift */,
			);
			path = LibConstants;
			sourceTree = "<group>";
		};
		DD7771432863B743000ED6D5 /* LibDependencyIncject */ = {
			isa = PBXGroup;
			children = (
				DD7771442863B77A000ED6D5 /* LibResolverProtocol.swift */,
				DD7771462863B799000ED6D5 /* LibConteinerProtocol.swift */,
				DD7771482863B7B8000ED6D5 /* LibServiceLocatorProtocol.swift */,
				DD77714A2863B7CF000ED6D5 /* LibServiceLocator.swift */,
			);
			path = LibDependencyIncject;
			sourceTree = "<group>";
		};
		DD77714C2863BAE4000ED6D5 /* LibDependencyIncject */ = {
			isa = PBXGroup;
			children = (
				DD7771212863B2E8000ED6D5 /* LibServiceLocatorTests.swift */,
				DD77714D2863BAFC000ED6D5 /* Fake */,
			);
			path = LibDependencyIncject;
			sourceTree = "<group>";
		};
		DD77714D2863BAFC000ED6D5 /* Fake */ = {
			isa = PBXGroup;
			children = (
				DD77714E2863BB0F000ED6D5 /* ViewModelFakeProtocol.swift */,
				DD7771502863BB29000ED6D5 /* ViewModelFake.swift */,
				DD7771522863BB47000ED6D5 /* ServiceFakeProtocol.swift */,
				DD7771542863BB5A000ED6D5 /* ServiceFake.swift */,
			);
			path = Fake;
			sourceTree = "<group>";
		};
		DD7771562863BBE9000ED6D5 /* Lib */ = {
			isa = PBXGroup;
			children = (
				DD77714C2863BAE4000ED6D5 /* LibDependencyIncject */,
				DD7771672863C3E0000ED6D5 /* LibInfra */,
			);
			path = Lib;
			sourceTree = "<group>";
		};
		DD7771572863BFDE000ED6D5 /* LibInfra */ = {
			isa = PBXGroup;
			children = (
				DD7771582863C00B000ED6D5 /* LibHttpError.swift */,
				DD77715A2863C148000ED6D5 /* LibHttpClientGetProtocol.swift */,
				DD77715C2863C166000ED6D5 /* LibHttpClientProtocol.swift */,
				DD77715E2863C1AB000ED6D5 /* LibAlamofireAdapter.swift */,
				DD7771602863C1E8000ED6D5 /* LibNetworkManagerProtocol.swift */,
				DD7771622863C1FC000ED6D5 /* LibNetworkManager.swift */,
			);
			path = LibInfra;
			sourceTree = "<group>";
		};
		DD7771642863C3A8000ED6D5 /* Helpers */ = {
			isa = PBXGroup;
			children = (
				DD7771652863C3B7000ED6D5 /* TestFactory.swift */,
			);
			path = Helpers;
			sourceTree = "<group>";
		};
		DD7771672863C3E0000ED6D5 /* LibInfra */ = {
			isa = PBXGroup;
			children = (
				DD7771682863C3FF000ED6D5 /* Fake */,
				DD77716D2863C497000ED6D5 /* LibAlamofireAdapterTests.swift */,
				DD77716F2863C4EC000ED6D5 /* UrlProtocolStub.swift */,
				DD7771712863C5D2000ED6D5 /* LibNetworkManagerTests.swift */,
				DD7771732863C5FC000ED6D5 /* LibHttpClientProtocolMock.swift */,
			);
			path = LibInfra;
			sourceTree = "<group>";
		};
		DD7771682863C3FF000ED6D5 /* Fake */ = {
			isa = PBXGroup;
			children = (
				DD7771692863C40E000ED6D5 /* ModelIdTitleFake.swift */,
				DD77716B2863C428000ED6D5 /* LibNetworkManagerIdTitleFake.swift */,
			);
			path = Fake;
			sourceTree = "<group>";
		};
		DDBFDF1B28648B3300FD4451 /* LibViewModel */ = {
			isa = PBXGroup;
			children = (
				DDBFDF1C28648B6100FD4451 /* LibObservable.swift */,
			);
			path = LibViewModel;
			sourceTree = "<group>";
		};
		DDBFDF1E28648B7D00FD4451 /* Scenes */ = {
			isa = PBXGroup;
			children = (
				DDBFDF1F28648B9A00FD4451 /* Base */,
				DDBFDF3028648E4300FD4451 /* Constants */,
				DDBFDF2828648D9A00FD4451 /* ListViagem */,
			);
			path = Scenes;
			sourceTree = "<group>";
		};
		DDBFDF1F28648B9A00FD4451 /* Base */ = {
			isa = PBXGroup;
			children = (
				DDBFDF2028648BA300FD4451 /* ViewModel */,
			);
			path = Base;
			sourceTree = "<group>";
		};
		DDBFDF2028648BA300FD4451 /* ViewModel */ = {
			isa = PBXGroup;
			children = (
				DDBFDF2128648BB400FD4451 /* BaseViewModelProtocol.swift */,
				DDBFDF2628648C3500FD4451 /* BaseViewModel.swift */,
			);
			path = ViewModel;
			sourceTree = "<group>";
		};
		DDBFDF2328648BE900FD4451 /* Navigation */ = {
			isa = PBXGroup;
			children = (
				DDBFDF2428648BFC00FD4451 /* AppCoordinatorProtocol.swift */,
			);
			path = Navigation;
			sourceTree = "<group>";
		};
		DDBFDF2828648D9A00FD4451 /* ListViagem */ = {
			isa = PBXGroup;
			children = (
				DDBFDF2928648DAB00FD4451 /* Model */,
			);
			path = ListViagem;
			sourceTree = "<group>";
		};
		DDBFDF2928648DAB00FD4451 /* Model */ = {
			isa = PBXGroup;
			children = (
				DDBFDF2A28648DB800FD4451 /* ViagemDTO.swift */,
				DDBFDF2E28648E2F00FD4451 /* TypeViagemEnum.swift */,
				DDBFDF2C28648E0400FD4451 /* Viagem.swift */,
				DDBFDF3328648F8F00FD4451 /* ImagemViagem.swift */,
			);
			path = Model;
			sourceTree = "<group>";
		};
		DDBFDF3028648E4300FD4451 /* Constants */ = {
			isa = PBXGroup;
			children = (
				DDBFDF3128648E5700FD4451 /* Constants.swift */,
			);
			path = Constants;
			sourceTree = "<group>";
		};
/* End PBXGroup section */

/* Begin PBXNativeTarget section */
		DD7771062863B2E7000ED6D5 /* Viagens-MVVM-C-DI */ = {
			isa = PBXNativeTarget;
			buildConfigurationList = DD7771312863B2E8000ED6D5 /* Build configuration list for PBXNativeTarget "Viagens-MVVM-C-DI" */;
			buildPhases = (
				A0318659FEEA2507437CBFB7 /* [CP] Check Pods Manifest.lock */,
				DD7771032863B2E7000ED6D5 /* Sources */,
				DD7771042863B2E7000ED6D5 /* Frameworks */,
				DD7771052863B2E7000ED6D5 /* Resources */,
				46219D8C83113536049D1865 /* [CP] Embed Pods Frameworks */,
			);
			buildRules = (
			);
			dependencies = (
			);
			name = "Viagens-MVVM-C-DI";
			productName = "Viagens-MVVM-C-DI";
			productReference = DD7771072863B2E7000ED6D5 /* Viagens-MVVM-C-DI.app */;
			productType = "com.apple.product-type.application";
		};
		DD77711C2863B2E8000ED6D5 /* Viagens-MVVM-C-DITests */ = {
			isa = PBXNativeTarget;
			buildConfigurationList = DD7771342863B2E8000ED6D5 /* Build configuration list for PBXNativeTarget "Viagens-MVVM-C-DITests" */;
			buildPhases = (
				1AC86F517AE54849F843F697 /* [CP] Check Pods Manifest.lock */,
				DD7771192863B2E8000ED6D5 /* Sources */,
				DD77711A2863B2E8000ED6D5 /* Frameworks */,
				DD77711B2863B2E8000ED6D5 /* Resources */,
			);
			buildRules = (
			);
			dependencies = (
				DD77711F2863B2E8000ED6D5 /* PBXTargetDependency */,
			);
			name = "Viagens-MVVM-C-DITests";
			productName = "Viagens-MVVM-C-DITests";
			productReference = DD77711D2863B2E8000ED6D5 /* Viagens-MVVM-C-DITests.xctest */;
			productType = "com.apple.product-type.bundle.unit-test";
		};
/* End PBXNativeTarget section */

/* Begin PBXProject section */
		DD7770FF2863B2E6000ED6D5 /* Project object */ = {
			isa = PBXProject;
			attributes = {
				LastSwiftUpdateCheck = 1250;
				LastUpgradeCheck = 1250;
				TargetAttributes = {
					DD7771062863B2E7000ED6D5 = {
						CreatedOnToolsVersion = 12.5.1;
					};
					DD77711C2863B2E8000ED6D5 = {
						CreatedOnToolsVersion = 12.5.1;
						TestTargetID = DD7771062863B2E7000ED6D5;
					};
				};
			};
			buildConfigurationList = DD7771022863B2E6000ED6D5 /* Build configuration list for PBXProject "Viagens-MVVM-C-DI" */;
			compatibilityVersion = "Xcode 9.3";
			developmentRegion = en;
			hasScannedForEncodings = 0;
			knownRegions = (
				en,
				Base,
			);
			mainGroup = DD7770FE2863B2E6000ED6D5;
			productRefGroup = DD7771082863B2E7000ED6D5 /* Products */;
			projectDirPath = "";
			projectRoot = "";
			targets = (
				DD7771062863B2E7000ED6D5 /* Viagens-MVVM-C-DI */,
				DD77711C2863B2E8000ED6D5 /* Viagens-MVVM-C-DITests */,
			);
		};
/* End PBXProject section */

/* Begin PBXResourcesBuildPhase section */
		DD7771052863B2E7000ED6D5 /* Resources */ = {
			isa = PBXResourcesBuildPhase;
			buildActionMask = 2147483647;
			files = (
				DD7771172863B2E8000ED6D5 /* LaunchScreen.storyboard in Resources */,
				DD7771142863B2E8000ED6D5 /* Assets.xcassets in Resources */,
			);
			runOnlyForDeploymentPostprocessing = 0;
		};
		DD77711B2863B2E8000ED6D5 /* Resources */ = {
			isa = PBXResourcesBuildPhase;
			buildActionMask = 2147483647;
			files = (
			);
			runOnlyForDeploymentPostprocessing = 0;
		};
/* End PBXResourcesBuildPhase section */

/* Begin PBXShellScriptBuildPhase section */
		1AC86F517AE54849F843F697 /* [CP] Check Pods Manifest.lock */ = {
			isa = PBXShellScriptBuildPhase;
			buildActionMask = 2147483647;
			files = (
			);
			inputFileListPaths = (
			);
			inputPaths = (
				"${PODS_PODFILE_DIR_PATH}/Podfile.lock",
				"${PODS_ROOT}/Manifest.lock",
			);
			name = "[CP] Check Pods Manifest.lock";
			outputFileListPaths = (
			);
			outputPaths = (
				"$(DERIVED_FILE_DIR)/Pods-Viagens-MVVM-C-DITests-checkManifestLockResult.txt",
			);
			runOnlyForDeploymentPostprocessing = 0;
			shellPath = /bin/sh;
			shellScript = "diff \"${PODS_PODFILE_DIR_PATH}/Podfile.lock\" \"${PODS_ROOT}/Manifest.lock\" > /dev/null\nif [ $? != 0 ] ; then\n    # print error to STDERR\n    echo \"error: The sandbox is not in sync with the Podfile.lock. Run 'pod install' or update your CocoaPods installation.\" >&2\n    exit 1\nfi\n# This output is used by Xcode 'outputs' to avoid re-running this script phase.\necho \"SUCCESS\" > \"${SCRIPT_OUTPUT_FILE_0}\"\n";
			showEnvVarsInLog = 0;
		};
		46219D8C83113536049D1865 /* [CP] Embed Pods Frameworks */ = {
			isa = PBXShellScriptBuildPhase;
			buildActionMask = 2147483647;
			files = (
			);
			inputFileListPaths = (
				"${PODS_ROOT}/Target Support Files/Pods-Viagens-MVVM-C-DI/Pods-Viagens-MVVM-C-DI-frameworks-${CONFIGURATION}-input-files.xcfilelist",
			);
			name = "[CP] Embed Pods Frameworks";
			outputFileListPaths = (
				"${PODS_ROOT}/Target Support Files/Pods-Viagens-MVVM-C-DI/Pods-Viagens-MVVM-C-DI-frameworks-${CONFIGURATION}-output-files.xcfilelist",
			);
			runOnlyForDeploymentPostprocessing = 0;
			shellPath = /bin/sh;
			shellScript = "\"${PODS_ROOT}/Target Support Files/Pods-Viagens-MVVM-C-DI/Pods-Viagens-MVVM-C-DI-frameworks.sh\"\n";
			showEnvVarsInLog = 0;
		};
		A0318659FEEA2507437CBFB7 /* [CP] Check Pods Manifest.lock */ = {
			isa = PBXShellScriptBuildPhase;
			buildActionMask = 2147483647;
			files = (
			);
			inputFileListPaths = (
			);
			inputPaths = (
				"${PODS_PODFILE_DIR_PATH}/Podfile.lock",
				"${PODS_ROOT}/Manifest.lock",
			);
			name = "[CP] Check Pods Manifest.lock";
			outputFileListPaths = (
			);
			outputPaths = (
				"$(DERIVED_FILE_DIR)/Pods-Viagens-MVVM-C-DI-checkManifestLockResult.txt",
			);
			runOnlyForDeploymentPostprocessing = 0;
			shellPath = /bin/sh;
			shellScript = "diff \"${PODS_PODFILE_DIR_PATH}/Podfile.lock\" \"${PODS_ROOT}/Manifest.lock\" > /dev/null\nif [ $? != 0 ] ; then\n    # print error to STDERR\n    echo \"error: The sandbox is not in sync with the Podfile.lock. Run 'pod install' or update your CocoaPods installation.\" >&2\n    exit 1\nfi\n# This output is used by Xcode 'outputs' to avoid re-running this script phase.\necho \"SUCCESS\" > \"${SCRIPT_OUTPUT_FILE_0}\"\n";
			showEnvVarsInLog = 0;
		};
/* End PBXShellScriptBuildPhase section */

/* Begin PBXSourcesBuildPhase section */
		DD7771032863B2E7000ED6D5 /* Sources */ = {
			isa = PBXSourcesBuildPhase;
			buildActionMask = 2147483647;
			files = (
				DD7771492863B7B8000ED6D5 /* LibServiceLocatorProtocol.swift in Sources */,
				DD77710F2863B2E7000ED6D5 /* ViewController.swift in Sources */,
				DD7771592863C00B000ED6D5 /* LibHttpError.swift in Sources */,
				DD77715F2863C1AB000ED6D5 /* LibAlamofireAdapter.swift in Sources */,
				DD7771452863B77A000ED6D5 /* LibResolverProtocol.swift in Sources */,
				DD77714B2863B7CF000ED6D5 /* LibServiceLocator.swift in Sources */,
				DDBFDF3228648E5700FD4451 /* Constants.swift in Sources */,
				DD77710B2863B2E7000ED6D5 /* AppDelegate.swift in Sources */,
				DD77715D2863C166000ED6D5 /* LibHttpClientProtocol.swift in Sources */,
				DD77715B2863C148000ED6D5 /* LibHttpClientGetProtocol.swift in Sources */,
				DD77710D2863B2E7000ED6D5 /* SceneDelegate.swift in Sources */,
				DDBFDF1D28648B6100FD4451 /* LibObservable.swift in Sources */,
				DD7771422863B6B2000ED6D5 /* LibConstants.swift in Sources */,
				DDBFDF2228648BB400FD4451 /* BaseViewModelProtocol.swift in Sources */,
				DD7771472863B799000ED6D5 /* LibConteinerProtocol.swift in Sources */,
				DDBFDF2728648C3500FD4451 /* BaseViewModel.swift in Sources */,
				DDBFDF2528648BFC00FD4451 /* AppCoordinatorProtocol.swift in Sources */,
				DD7771632863C1FC000ED6D5 /* LibNetworkManager.swift in Sources */,
				DD7771612863C1E8000ED6D5 /* LibNetworkManagerProtocol.swift in Sources */,
				DDBFDF2B28648DB800FD4451 /* ViagemDTO.swift in Sources */,
				DDBFDF2D28648E0400FD4451 /* Viagem.swift in Sources */,
				DD77713F2863B629000ED6D5 /* UIColorExtension.swift in Sources */,
				DDBFDF3428648F8F00FD4451 /* ImagemViagem.swift in Sources */,
				DDBFDF2F28648E2F00FD4451 /* TypeViagemEnum.swift in Sources */,
			);
			runOnlyForDeploymentPostprocessing = 0;
		};
		DD7771192863B2E8000ED6D5 /* Sources */ = {
			isa = PBXSourcesBuildPhase;
			buildActionMask = 2147483647;
			files = (
				DD7771742863C5FC000ED6D5 /* LibHttpClientProtocolMock.swift in Sources */,
				DD7771662863C3B7000ED6D5 /* TestFactory.swift in Sources */,
				DD7771222863B2E8000ED6D5 /* LibServiceLocatorTests.swift in Sources */,
				DD77714F2863BB0F000ED6D5 /* ViewModelFakeProtocol.swift in Sources */,
				DD77716C2863C428000ED6D5 /* LibNetworkManagerIdTitleFake.swift in Sources */,
				DD7771552863BB5A000ED6D5 /* ServiceFake.swift in Sources */,
				DD7771532863BB47000ED6D5 /* ServiceFakeProtocol.swift in Sources */,
				DD7771722863C5D2000ED6D5 /* LibNetworkManagerTests.swift in Sources */,
				DD77716E2863C497000ED6D5 /* LibAlamofireAdapterTests.swift in Sources */,
				DD77716A2863C40E000ED6D5 /* ModelIdTitleFake.swift in Sources */,
				DD7771512863BB29000ED6D5 /* ViewModelFake.swift in Sources */,
				DD7771702863C4EC000ED6D5 /* UrlProtocolStub.swift in Sources */,
			);
			runOnlyForDeploymentPostprocessing = 0;
		};
/* End PBXSourcesBuildPhase section */

/* Begin PBXTargetDependency section */
		DD77711F2863B2E8000ED6D5 /* PBXTargetDependency */ = {
			isa = PBXTargetDependency;
			target = DD7771062863B2E7000ED6D5 /* Viagens-MVVM-C-DI */;
			targetProxy = DD77711E2863B2E8000ED6D5 /* PBXContainerItemProxy */;
		};
/* End PBXTargetDependency section */

/* Begin PBXVariantGroup section */
		DD7771152863B2E8000ED6D5 /* LaunchScreen.storyboard */ = {
			isa = PBXVariantGroup;
			children = (
				DD7771162863B2E8000ED6D5 /* Base */,
			);
			name = LaunchScreen.storyboard;
			sourceTree = "<group>";
		};
/* End PBXVariantGroup section */

/* Begin XCBuildConfiguration section */
		DD77712F2863B2E8000ED6D5 /* Debug */ = {
			isa = XCBuildConfiguration;
			buildSettings = {
				ALWAYS_SEARCH_USER_PATHS = NO;
				CLANG_ANALYZER_NONNULL = YES;
				CLANG_ANALYZER_NUMBER_OBJECT_CONVERSION = YES_AGGRESSIVE;
				CLANG_CXX_LANGUAGE_STANDARD = "gnu++14";
				CLANG_CXX_LIBRARY = "libc++";
				CLANG_ENABLE_MODULES = YES;
				CLANG_ENABLE_OBJC_ARC = YES;
				CLANG_ENABLE_OBJC_WEAK = YES;
				CLANG_WARN_BLOCK_CAPTURE_AUTORELEASING = YES;
				CLANG_WARN_BOOL_CONVERSION = YES;
				CLANG_WARN_COMMA = YES;
				CLANG_WARN_CONSTANT_CONVERSION = YES;
				CLANG_WARN_DEPRECATED_OBJC_IMPLEMENTATIONS = YES;
				CLANG_WARN_DIRECT_OBJC_ISA_USAGE = YES_ERROR;
				CLANG_WARN_DOCUMENTATION_COMMENTS = YES;
				CLANG_WARN_EMPTY_BODY = YES;
				CLANG_WARN_ENUM_CONVERSION = YES;
				CLANG_WARN_INFINITE_RECURSION = YES;
				CLANG_WARN_INT_CONVERSION = YES;
				CLANG_WARN_NON_LITERAL_NULL_CONVERSION = YES;
				CLANG_WARN_OBJC_IMPLICIT_RETAIN_SELF = YES;
				CLANG_WARN_OBJC_LITERAL_CONVERSION = YES;
				CLANG_WARN_OBJC_ROOT_CLASS = YES_ERROR;
				CLANG_WARN_QUOTED_INCLUDE_IN_FRAMEWORK_HEADER = YES;
				CLANG_WARN_RANGE_LOOP_ANALYSIS = YES;
				CLANG_WARN_STRICT_PROTOTYPES = YES;
				CLANG_WARN_SUSPICIOUS_MOVE = YES;
				CLANG_WARN_UNGUARDED_AVAILABILITY = YES_AGGRESSIVE;
				CLANG_WARN_UNREACHABLE_CODE = YES;
				CLANG_WARN__DUPLICATE_METHOD_MATCH = YES;
				COPY_PHASE_STRIP = NO;
				DEBUG_INFORMATION_FORMAT = dwarf;
				ENABLE_STRICT_OBJC_MSGSEND = YES;
				ENABLE_TESTABILITY = YES;
				GCC_C_LANGUAGE_STANDARD = gnu11;
				GCC_DYNAMIC_NO_PIC = NO;
				GCC_NO_COMMON_BLOCKS = YES;
				GCC_OPTIMIZATION_LEVEL = 0;
				GCC_PREPROCESSOR_DEFINITIONS = (
					"DEBUG=1",
					"$(inherited)",
				);
				GCC_WARN_64_TO_32_BIT_CONVERSION = YES;
				GCC_WARN_ABOUT_RETURN_TYPE = YES_ERROR;
				GCC_WARN_UNDECLARED_SELECTOR = YES;
				GCC_WARN_UNINITIALIZED_AUTOS = YES_AGGRESSIVE;
				GCC_WARN_UNUSED_FUNCTION = YES;
				GCC_WARN_UNUSED_VARIABLE = YES;
				IPHONEOS_DEPLOYMENT_TARGET = 14.5;
				MTL_ENABLE_DEBUG_INFO = INCLUDE_SOURCE;
				MTL_FAST_MATH = YES;
				ONLY_ACTIVE_ARCH = YES;
				SDKROOT = iphoneos;
				SWIFT_ACTIVE_COMPILATION_CONDITIONS = DEBUG;
				SWIFT_OPTIMIZATION_LEVEL = "-Onone";
			};
			name = Debug;
		};
		DD7771302863B2E8000ED6D5 /* Release */ = {
			isa = XCBuildConfiguration;
			buildSettings = {
				ALWAYS_SEARCH_USER_PATHS = NO;
				CLANG_ANALYZER_NONNULL = YES;
				CLANG_ANALYZER_NUMBER_OBJECT_CONVERSION = YES_AGGRESSIVE;
				CLANG_CXX_LANGUAGE_STANDARD = "gnu++14";
				CLANG_CXX_LIBRARY = "libc++";
				CLANG_ENABLE_MODULES = YES;
				CLANG_ENABLE_OBJC_ARC = YES;
				CLANG_ENABLE_OBJC_WEAK = YES;
				CLANG_WARN_BLOCK_CAPTURE_AUTORELEASING = YES;
				CLANG_WARN_BOOL_CONVERSION = YES;
				CLANG_WARN_COMMA = YES;
				CLANG_WARN_CONSTANT_CONVERSION = YES;
				CLANG_WARN_DEPRECATED_OBJC_IMPLEMENTATIONS = YES;
				CLANG_WARN_DIRECT_OBJC_ISA_USAGE = YES_ERROR;
				CLANG_WARN_DOCUMENTATION_COMMENTS = YES;
				CLANG_WARN_EMPTY_BODY = YES;
				CLANG_WARN_ENUM_CONVERSION = YES;
				CLANG_WARN_INFINITE_RECURSION = YES;
				CLANG_WARN_INT_CONVERSION = YES;
				CLANG_WARN_NON_LITERAL_NULL_CONVERSION = YES;
				CLANG_WARN_OBJC_IMPLICIT_RETAIN_SELF = YES;
				CLANG_WARN_OBJC_LITERAL_CONVERSION = YES;
				CLANG_WARN_OBJC_ROOT_CLASS = YES_ERROR;
				CLANG_WARN_QUOTED_INCLUDE_IN_FRAMEWORK_HEADER = YES;
				CLANG_WARN_RANGE_LOOP_ANALYSIS = YES;
				CLANG_WARN_STRICT_PROTOTYPES = YES;
				CLANG_WARN_SUSPICIOUS_MOVE = YES;
				CLANG_WARN_UNGUARDED_AVAILABILITY = YES_AGGRESSIVE;
				CLANG_WARN_UNREACHABLE_CODE = YES;
				CLANG_WARN__DUPLICATE_METHOD_MATCH = YES;
				COPY_PHASE_STRIP = NO;
				DEBUG_INFORMATION_FORMAT = "dwarf-with-dsym";
				ENABLE_NS_ASSERTIONS = NO;
				ENABLE_STRICT_OBJC_MSGSEND = YES;
				GCC_C_LANGUAGE_STANDARD = gnu11;
				GCC_NO_COMMON_BLOCKS = YES;
				GCC_WARN_64_TO_32_BIT_CONVERSION = YES;
				GCC_WARN_ABOUT_RETURN_TYPE = YES_ERROR;
				GCC_WARN_UNDECLARED_SELECTOR = YES;
				GCC_WARN_UNINITIALIZED_AUTOS = YES_AGGRESSIVE;
				GCC_WARN_UNUSED_FUNCTION = YES;
				GCC_WARN_UNUSED_VARIABLE = YES;
				IPHONEOS_DEPLOYMENT_TARGET = 14.5;
				MTL_ENABLE_DEBUG_INFO = NO;
				MTL_FAST_MATH = YES;
				SDKROOT = iphoneos;
				SWIFT_COMPILATION_MODE = wholemodule;
				SWIFT_OPTIMIZATION_LEVEL = "-O";
				VALIDATE_PRODUCT = YES;
			};
			name = Release;
		};
		DD7771322863B2E8000ED6D5 /* Debug */ = {
			isa = XCBuildConfiguration;
			baseConfigurationReference = F3BF5996ED138B971A48F61C /* Pods-Viagens-MVVM-C-DI.debug.xcconfig */;
			buildSettings = {
				ASSETCATALOG_COMPILER_APPICON_NAME = AppIcon;
				ASSETCATALOG_COMPILER_GLOBAL_ACCENT_COLOR_NAME = AccentColor;
				CODE_SIGN_STYLE = Automatic;
				DEVELOPMENT_TEAM = MHZS489UFW;
				INFOPLIST_FILE = "Viagens-MVVM-C-DI/Info.plist";
				LD_RUNPATH_SEARCH_PATHS = (
					"$(inherited)",
					"@executable_path/Frameworks",
				);
				PRODUCT_BUNDLE_IDENTIFIER = "com.wmc.Viagens-MVVM-C-DI";
				PRODUCT_NAME = "$(TARGET_NAME)";
				SWIFT_VERSION = 5.0;
				TARGETED_DEVICE_FAMILY = "1,2";
			};
			name = Debug;
		};
		DD7771332863B2E8000ED6D5 /* Release */ = {
			isa = XCBuildConfiguration;
			baseConfigurationReference = 202B81D1980B3786A0BF275F /* Pods-Viagens-MVVM-C-DI.release.xcconfig */;
			buildSettings = {
				ASSETCATALOG_COMPILER_APPICON_NAME = AppIcon;
				ASSETCATALOG_COMPILER_GLOBAL_ACCENT_COLOR_NAME = AccentColor;
				CODE_SIGN_STYLE = Automatic;
				DEVELOPMENT_TEAM = MHZS489UFW;
				INFOPLIST_FILE = "Viagens-MVVM-C-DI/Info.plist";
				LD_RUNPATH_SEARCH_PATHS = (
					"$(inherited)",
					"@executable_path/Frameworks",
				);
				PRODUCT_BUNDLE_IDENTIFIER = "com.wmc.Viagens-MVVM-C-DI";
				PRODUCT_NAME = "$(TARGET_NAME)";
				SWIFT_VERSION = 5.0;
				TARGETED_DEVICE_FAMILY = "1,2";
			};
			name = Release;
		};
		DD7771352863B2E8000ED6D5 /* Debug */ = {
			isa = XCBuildConfiguration;
			baseConfigurationReference = 8221AA71BFE8395C5B331D80 /* Pods-Viagens-MVVM-C-DITests.debug.xcconfig */;
			buildSettings = {
				ALWAYS_EMBED_SWIFT_STANDARD_LIBRARIES = YES;
				BUNDLE_LOADER = "$(TEST_HOST)";
				CODE_SIGN_STYLE = Automatic;
				DEVELOPMENT_TEAM = MHZS489UFW;
				INFOPLIST_FILE = "Viagens-MVVM-C-DITests/Info.plist";
				IPHONEOS_DEPLOYMENT_TARGET = 14.5;
				LD_RUNPATH_SEARCH_PATHS = (
					"$(inherited)",
					"@executable_path/Frameworks",
					"@loader_path/Frameworks",
				);
				PRODUCT_BUNDLE_IDENTIFIER = "com.wmc.Viagens-MVVM-C-DITests";
				PRODUCT_NAME = "$(TARGET_NAME)";
				SWIFT_VERSION = 5.0;
				TARGETED_DEVICE_FAMILY = "1,2";
				TEST_HOST = "$(BUILT_PRODUCTS_DIR)/Viagens-MVVM-C-DI.app/Viagens-MVVM-C-DI";
			};
			name = Debug;
		};
		DD7771362863B2E8000ED6D5 /* Release */ = {
			isa = XCBuildConfiguration;
			baseConfigurationReference = 6548FD370B75719FA95F9B4D /* Pods-Viagens-MVVM-C-DITests.release.xcconfig */;
			buildSettings = {
				ALWAYS_EMBED_SWIFT_STANDARD_LIBRARIES = YES;
				BUNDLE_LOADER = "$(TEST_HOST)";
				CODE_SIGN_STYLE = Automatic;
				DEVELOPMENT_TEAM = MHZS489UFW;
				INFOPLIST_FILE = "Viagens-MVVM-C-DITests/Info.plist";
				IPHONEOS_DEPLOYMENT_TARGET = 14.5;
				LD_RUNPATH_SEARCH_PATHS = (
					"$(inherited)",
					"@executable_path/Frameworks",
					"@loader_path/Frameworks",
				);
				PRODUCT_BUNDLE_IDENTIFIER = "com.wmc.Viagens-MVVM-C-DITests";
				PRODUCT_NAME = "$(TARGET_NAME)";
				SWIFT_VERSION = 5.0;
				TARGETED_DEVICE_FAMILY = "1,2";
				TEST_HOST = "$(BUILT_PRODUCTS_DIR)/Viagens-MVVM-C-DI.app/Viagens-MVVM-C-DI";
			};
			name = Release;
		};
/* End XCBuildConfiguration section */

/* Begin XCConfigurationList section */
		DD7771022863B2E6000ED6D5 /* Build configuration list for PBXProject "Viagens-MVVM-C-DI" */ = {
			isa = XCConfigurationList;
			buildConfigurations = (
				DD77712F2863B2E8000ED6D5 /* Debug */,
				DD7771302863B2E8000ED6D5 /* Release */,
			);
			defaultConfigurationIsVisible = 0;
			defaultConfigurationName = Release;
		};
		DD7771312863B2E8000ED6D5 /* Build configuration list for PBXNativeTarget "Viagens-MVVM-C-DI" */ = {
			isa = XCConfigurationList;
			buildConfigurations = (
				DD7771322863B2E8000ED6D5 /* Debug */,
				DD7771332863B2E8000ED6D5 /* Release */,
			);
			defaultConfigurationIsVisible = 0;
			defaultConfigurationName = Release;
		};
		DD7771342863B2E8000ED6D5 /* Build configuration list for PBXNativeTarget "Viagens-MVVM-C-DITests" */ = {
			isa = XCConfigurationList;
			buildConfigurations = (
				DD7771352863B2E8000ED6D5 /* Debug */,
				DD7771362863B2E8000ED6D5 /* Release */,
			);
			defaultConfigurationIsVisible = 0;
			defaultConfigurationName = Release;
		};
/* End XCConfigurationList section */
	};
	rootObject = DD7770FF2863B2E6000ED6D5 /* Project object */;
}
